
Microsoft Visual Studio Solution File, Format Version 12.00
# Visual Studio Version 17
VisualStudioVersion = 17.0.31903.59
MinimumVisualStudioVersion = 10.0.40219.1
Project("{FAE04EC0-301F-11D3-BF4B-00C04F79EFBC}") = "Binding.UrovoSDK", "Binding.UrovoSDK\Binding.UrovoSDK.csproj", "{C937E6B3-E3E2-4D9F-AD96-177B3D01A9ED}"
EndProject
Project("{FAE04EC0-301F-11D3-BF4B-00C04F79EFBC}") = "AvaloniaApplication", "AvaloniaApplication\AvaloniaApplication.csproj", "{1F89B404-A94A-4C40-A558-9DBE2622578E}"
EndProject
Project("{FAE04EC0-301F-11D3-BF4B-00C04F79EFBC}") = "AvaloniaApplication.Android", "AvaloniaApplication.Android\AvaloniaApplication.Android.csproj", "{34BBC7C7-CCC6-49BE-BB53-CF4D6F64DAA8}"
EndProject
Project("{FAE04EC0-301F-11D3-BF4B-00C04F79EFBC}") = "AvaloniaApplication.Desktop", "AvaloniaApplication.Desktop\AvaloniaApplication.Desktop.csproj", "{AC5F7647-1634-4AB9-9597-FE134C06F185}"
EndProject
Project("{FAE04EC0-301F-11D3-BF4B-00C04F79EFBC}") = "Common", "Common\Common.csproj", "{8103E670-12B9-42CF-A5BF-6D02E3348814}"
EndProject
Project("{FAE04EC0-301F-11D3-BF4B-00C04F79EFBC}") = "Binding.Urovo.SDKWrapper", "Binding.Urovo.SDKWrapper\Binding.Urovo.SDKWrapper.csproj", "{338249D0-FF1F-4434-9B8A-CC0CAEFDE8BF}"
EndProject
Global
	GlobalSection(SolutionConfigurationPlatforms) = preSolution
		Debug|Any CPU = Debug|Any CPU
		Release|Any CPU = Release|Any CPU
	EndGlobalSection
	GlobalSection(ProjectConfigurationPlatforms) = postSolution
		{C937E6B3-E3E2-4D9F-AD96-177B3D01A9ED}.Debug|Any CPU.ActiveCfg = Debug|Any CPU
		{C937E6B3-E3E2-4D9F-AD96-177B3D01A9ED}.Debug|Any CPU.Build.0 = Debug|Any CPU
		{C937E6B3-E3E2-4D9F-AD96-177B3D01A9ED}.Release|Any CPU.ActiveCfg = Release|Any CPU
		{C937E6B3-E3E2-4D9F-AD96-177B3D01A9ED}.Release|Any CPU.Build.0 = Release|Any CPU
		{1F89B404-A94A-4C40-A558-9DBE2622578E}.Debug|Any CPU.ActiveCfg = Debug|Any CPU
		{1F89B404-A94A-4C40-A558-9DBE2622578E}.Debug|Any CPU.Build.0 = Debug|Any CPU
		{1F89B404-A94A-4C40-A558-9DBE2622578E}.Release|Any CPU.ActiveCfg = Release|Any CPU
		{1F89B404-A94A-4C40-A558-9DBE2622578E}.Release|Any CPU.Build.0 = Release|Any CPU
		{34BBC7C7-CCC6-49BE-BB53-CF4D6F64DAA8}.Debug|Any CPU.ActiveCfg = Debug|Any CPU
		{34BBC7C7-CCC6-49BE-BB53-CF4D6F64DAA8}.Debug|Any CPU.Build.0 = Debug|Any CPU
		{34BBC7C7-CCC6-49BE-BB53-CF4D6F64DAA8}.Debug|Any CPU.Deploy.0 = Debug|Any CPU
		{34BBC7C7-CCC6-49BE-BB53-CF4D6F64DAA8}.Release|Any CPU.ActiveCfg = Release|Any CPU
		{34BBC7C7-CCC6-49BE-BB53-CF4D6F64DAA8}.Release|Any CPU.Build.0 = Release|Any CPU
		{34BBC7C7-CCC6-49BE-BB53-CF4D6F64DAA8}.Release|Any CPU.Deploy.0 = Release|Any CPU
		{AC5F7647-1634-4AB9-9597-FE134C06F185}.Debug|Any CPU.ActiveCfg = Debug|Any CPU
		{AC5F7647-1634-4AB9-9597-FE134C06F185}.Debug|Any CPU.Build.0 = Debug|Any CPU
		{AC5F7647-1634-4AB9-9597-FE134C06F185}.Release|Any CPU.ActiveCfg = Release|Any CPU
		{AC5F7647-1634-4AB9-9597-FE134C06F185}.Release|Any CPU.Build.0 = Release|Any CPU
		{8103E670-12B9-42CF-A5BF-6D02E3348814}.Debug|Any CPU.ActiveCfg = Debug|Any CPU
		{8103E670-12B9-42CF-A5BF-6D02E3348814}.Debug|Any CPU.Build.0 = Debug|Any CPU
		{8103E670-12B9-42CF-A5BF-6D02E3348814}.Release|Any CPU.ActiveCfg = Release|Any CPU
		{8103E670-12B9-42CF-A5BF-6D02E3348814}.Release|Any CPU.Build.0 = Release|Any CPU
		{338249D0-FF1F-4434-9B8A-CC0CAEFDE8BF}.Debug|Any CPU.ActiveCfg = Debug|Any CPU
		{338249D0-FF1F-4434-9B8A-CC0CAEFDE8BF}.Debug|Any CPU.Build.0 = Debug|Any CPU
		{338249D0-FF1F-4434-9B8A-CC0CAEFDE8BF}.Release|Any CPU.ActiveCfg = Release|Any CPU
		{338249D0-FF1F-4434-9B8A-CC0CAEFDE8BF}.Release|Any CPU.Build.0 = Release|Any CPU
	EndGlobalSection
	GlobalSection(SolutionProperties) = preSolution
		HideSolutionNode = FALSE
	EndGlobalSection
EndGlobal
